Microsoft Visual Studio Solution File, Format Version 12.00
# Visual Studio 2012
Project("{FAE04EC0-301F-11D3-BF4B-00C04F79EFBC}") = "Dungeon_Chess_Battle", "Dungeon_Chess_Battle.csproj", "{66B87CB5-8C28-45B3-B57C-72285891A865}"
EndProject
Global
	GlobalSection(SolutionConfigurationPlatforms) = preSolution
	Debug|Any CPU = Debug|Any CPU
	ExportDebug|Any CPU = ExportDebug|Any CPU
	ExportRelease|Any CPU = ExportRelease|Any CPU
	EndGlobalSection
	GlobalSection(ProjectConfigurationPlatforms) = postSolution
		{66B87CB5-8C28-45B3-B57C-72285891A865}.Debug|Any CPU.ActiveCfg = Debug|Any CPU
		{66B87CB5-8C28-45B3-B57C-72285891A865}.Debug|Any CPU.Build.0 = Debug|Any CPU
		{66B87CB5-8C28-45B3-B57C-72285891A865}.ExportDebug|Any CPU.ActiveCfg = ExportDebug|Any CPU
		{66B87CB5-8C28-45B3-B57C-72285891A865}.ExportDebug|Any CPU.Build.0 = ExportDebug|Any CPU
		{66B87CB5-8C28-45B3-B57C-72285891A865}.ExportRelease|Any CPU.ActiveCfg = ExportRelease|Any CPU
		{66B87CB5-8C28-45B3-B57C-72285891A865}.ExportRelease|Any CPU.Build.0 = ExportRelease|Any CPU
	EndGlobalSection
EndGlobal
